
Microsoft Visual Studio Solution File, Format Version 12.00
# Visual Studio Version 16
VisualStudioVersion = 16.0.30907.101
MinimumVisualStudioVersion = 10.0.40219.1
Project("{FAE04EC0-301F-11D3-BF4B-00C04F79EFBC}") = "NetFrameworkConsoleApp", "NetFrameworkConsoleApp\NetFrameworkConsoleApp.csproj", "{66C6DA7C-5EB2-454D-9A3D-9D4E8ED22578}"
EndProject
Project("{9A19103F-16F7-4668-BE54-9A1E7A4F7556}") = "NetCoreConsoleApp", "NetCoreConsoleApp\NetCoreConsoleApp.csproj", "{BCA67D24-F4C2-4926-9FBB-A9C609089B54}"
EndProject
Project("{9A19103F-16F7-4668-BE54-9A1E7A4F7556}") = "StandardLibrary", "StandardLibrary\StandardLibrary.csproj", "{A685BB2F-E890-4F10-A570-1C3E545D8C0B}"
EndProject
Global
	GlobalSection(SolutionConfigurationPlatforms) = preSolution
		Debug|Any CPU = Debug|Any CPU
		Release|Any CPU = Release|Any CPU
	EndGlobalSection
	GlobalSection(ProjectConfigurationPlatforms) = postSolution
		{66C6DA7C-5EB2-454D-9A3D-9D4E8ED22578}.Debug|Any CPU.ActiveCfg = Debug|Any CPU
		{66C6DA7C-5EB2-454D-9A3D-9D4E8ED22578}.Debug|Any CPU.Build.0 = Debug|Any CPU
		{66C6DA7C-5EB2-454D-9A3D-9D4E8ED22578}.Release|Any CPU.ActiveCfg = Release|Any CPU
		{66C6DA7C-5EB2-454D-9A3D-9D4E8ED22578}.Release|Any CPU.Build.0 = Release|Any CPU
		{BCA67D24-F4C2-4926-9FBB-A9C609089B54}.Debug|Any CPU.ActiveCfg = Debug|Any CPU
		{BCA67D24-F4C2-4926-9FBB-A9C609089B54}.Debug|Any CPU.Build.0 = Debug|Any CPU
		{BCA67D24-F4C2-4926-9FBB-A9C609089B54}.Release|Any CPU.ActiveCfg = Release|Any CPU
		{BCA67D24-F4C2-4926-9FBB-A9C609089B54}.Release|Any CPU.Build.0 = Release|Any CPU
		{A685BB2F-E890-4F10-A570-1C3E545D8C0B}.Debug|Any CPU.ActiveCfg = Debug|Any CPU
		{A685BB2F-E890-4F10-A570-1C3E545D8C0B}.Debug|Any CPU.Build.0 = Debug|Any CPU
		{A685BB2F-E890-4F10-A570-1C3E545D8C0B}.Release|Any CPU.ActiveCfg = Release|Any CPU
		{A685BB2F-E890-4F10-A570-1C3E545D8C0B}.Release|Any CPU.Build.0 = Release|Any CPU
	EndGlobalSection
	GlobalSection(SolutionProperties) = preSolution
		HideSolutionNode = FALSE
	EndGlobalSection
	GlobalSection(ExtensibilityGlobals) = postSolution
		SolutionGuid = {4A41ED6D-607E-4E4A-8185-9ACC02D12CD2}
	EndGlobalSection
EndGlobal
